schema: '2.0'
stages:
  prepare_base_model:
    cmd: python src/cnnClassifier/pipeline/stage_02_prepare_base_model.py
    deps:
    - path: config/config.yaml
      hash: md5
      md5: c510938f80482fed2bbf0d64056ee6d2
      size: 798
    - path: src/cnnClassifier/pipeline/stage_02_prepare_base_model.py
      hash: md5
      md5: 17e952b456f174c8f38d1c8f23229a17
      size: 936
    params:
      params.yaml:
        CLASSES: 2
        IMAGE_SIZE:
        - 224
        - 224
        - 3
        INCLUDE_TOP: false
        LEARNING_RATE: 0.01
        WEIGHTS: imagenet
    outs:
    - path: artifacts/prepare_base_model
      hash: md5
      md5: 8ebba398a8b54c000f0ca0897b220a87.dir
      size: 118054560
      nfiles: 2
  data_ingestion:
    cmd: python src/cnnClassifier/pipeline/stage_01_data_ingestion.py
    deps:
    - path: config/config.yaml
      hash: md5
      md5: c510938f80482fed2bbf0d64056ee6d2
      size: 798
    - path: src/cnnClassifier/pipeline/stage_01_data_ingestion.py
      hash: md5
      md5: 080ac9c3981e8e8fc175c1c8c4530754
      size: 896
    outs:
    - path: artifacts/data_ingestion/Chicken-fecal-images
      hash: md5
      md5: 9e1f8dd2eae3c29e9d635df89d438ae4.dir
      size: 12207807
      nfiles: 390
  training:
    cmd: python src/cnnClassifier/pipeline/stage_03_training.py
    deps:
    - path: artifacts/data_ingestion/Chicken-fecal-images
      hash: md5
      md5: 9e1f8dd2eae3c29e9d635df89d438ae4.dir
      size: 12207807
      nfiles: 390
    - path: artifacts/prepare_base_model
      hash: md5
      md5: 8ebba398a8b54c000f0ca0897b220a87.dir
      size: 118054560
      nfiles: 2
    - path: config/config.yaml
      hash: md5
      md5: c510938f80482fed2bbf0d64056ee6d2
      size: 798
    - path: src/cnnClassifier/components/prepare_callbacks.py
      hash: md5
      md5: 61799fc3d8c580d25399aeb52b29fe73
      size: 1006
    - path: src/cnnClassifier/pipeline/stage_03_training.py
      hash: md5
      md5: 6f391d115bec68d1774aee2156000b2a
      size: 1242
    params:
      params.yaml:
        AUGMENTATION: true
        BATCH_SIZE: 16
        EPOCHS: 1
        IMAGE_SIZE:
        - 224
        - 224
        - 3
    outs:
    - path: artifacts/training/model.h5
      hash: md5
      md5: 65887e207f05d7ec7058cd197db32e69
      size: 59337520
  evaluation:
    cmd: python src/cnnClassifier/pipeline/stage_04_evaluation.py
    deps:
    - path: artifacts/data_ingestion/Chicken-fecal-images
      hash: md5
      md5: 9e1f8dd2eae3c29e9d635df89d438ae4.dir
      size: 12207807
      nfiles: 390
    - path: artifacts/training/model.h5
      hash: md5
      md5: 65887e207f05d7ec7058cd197db32e69
      size: 59337520
    - path: config/config.yaml
      hash: md5
      md5: c510938f80482fed2bbf0d64056ee6d2
      size: 798
    - path: src/cnnClassifier/pipeline/stage_04_evaluation.py
      hash: md5
      md5: 548c242f66c6defe586ad16dc917cd5b
      size: 851
    params:
      params.yaml:
        BATCH_SIZE: 16
        IMAGE_SIZE:
        - 224
        - 224
        - 3
    outs:
    - path: scores.json
      hash: md5
      md5: 616b41d76241818c6e3b1aa60009b7df
      size: 71
